
Microsoft Visual Studio Solution File, Format Version 12.00
Project("{FAE04EC0-301F-11D3-BF4B-00C04F79EFBC}") = "Day1", "Day1\Day1.csproj", "{A3792A6D-5707-4EBA-B526-0BEF7ED0A260}"
	ProjectSection(ProjectDependencies) = postProject
		{BBEA17FD-E982-41A9-88F8-55E664E2441E} = {BBEA17FD-E982-41A9-88F8-55E664E2441E}
	EndProjectSection
EndProject
Project("{FAE04EC0-301F-11D3-BF4B-00C04F79EFBC}") = "Infrastructure", "Infrastructure\Infrastructure.csproj", "{BBEA17FD-E982-41A9-88F8-55E664E2441E}"
EndProject
Project("{FAE04EC0-301F-11D3-BF4B-00C04F79EFBC}") = "Day2", "Day2\Day2.csproj", "{13B3EE10-5012-4921-AC11-70321050AF69}"
EndProject
Project("{FAE04EC0-301F-11D3-BF4B-00C04F79EFBC}") = "Day3", "Day3\Day3.csproj", "{B1282690-BF66-4625-9393-EFCD7A3C6BAE}"
EndProject
Project("{FAE04EC0-301F-11D3-BF4B-00C04F79EFBC}") = "Day4", "Day4\Day4.csproj", "{3F9AFD36-6D43-42ED-8722-D44533CBDAE1}"
EndProject
Project("{FAE04EC0-301F-11D3-BF4B-00C04F79EFBC}") = "Day5", "Day5\Day5.csproj", "{0D5A840B-0357-464D-833D-4DEDC85DF7DE}"
EndProject
Project("{FAE04EC0-301F-11D3-BF4B-00C04F79EFBC}") = "Day6", "Day6\Day6.csproj", "{F5B81699-FE9B-41EF-B03F-C6F7482A086D}"
EndProject
Global
	GlobalSection(SolutionConfigurationPlatforms) = preSolution
		Debug|Any CPU = Debug|Any CPU
		Release|Any CPU = Release|Any CPU
	EndGlobalSection
	GlobalSection(ProjectConfigurationPlatforms) = postSolution
		{A3792A6D-5707-4EBA-B526-0BEF7ED0A260}.Debug|Any CPU.ActiveCfg = Debug|Any CPU
		{A3792A6D-5707-4EBA-B526-0BEF7ED0A260}.Debug|Any CPU.Build.0 = Debug|Any CPU
		{A3792A6D-5707-4EBA-B526-0BEF7ED0A260}.Release|Any CPU.ActiveCfg = Release|Any CPU
		{A3792A6D-5707-4EBA-B526-0BEF7ED0A260}.Release|Any CPU.Build.0 = Release|Any CPU
		{BBEA17FD-E982-41A9-88F8-55E664E2441E}.Debug|Any CPU.ActiveCfg = Debug|Any CPU
		{BBEA17FD-E982-41A9-88F8-55E664E2441E}.Debug|Any CPU.Build.0 = Debug|Any CPU
		{BBEA17FD-E982-41A9-88F8-55E664E2441E}.Release|Any CPU.ActiveCfg = Release|Any CPU
		{BBEA17FD-E982-41A9-88F8-55E664E2441E}.Release|Any CPU.Build.0 = Release|Any CPU
		{13B3EE10-5012-4921-AC11-70321050AF69}.Debug|Any CPU.ActiveCfg = Debug|Any CPU
		{13B3EE10-5012-4921-AC11-70321050AF69}.Debug|Any CPU.Build.0 = Debug|Any CPU
		{13B3EE10-5012-4921-AC11-70321050AF69}.Release|Any CPU.ActiveCfg = Release|Any CPU
		{13B3EE10-5012-4921-AC11-70321050AF69}.Release|Any CPU.Build.0 = Release|Any CPU
		{B1282690-BF66-4625-9393-EFCD7A3C6BAE}.Debug|Any CPU.ActiveCfg = Debug|Any CPU
		{B1282690-BF66-4625-9393-EFCD7A3C6BAE}.Debug|Any CPU.Build.0 = Debug|Any CPU
		{B1282690-BF66-4625-9393-EFCD7A3C6BAE}.Release|Any CPU.ActiveCfg = Release|Any CPU
		{B1282690-BF66-4625-9393-EFCD7A3C6BAE}.Release|Any CPU.Build.0 = Release|Any CPU
		{3F9AFD36-6D43-42ED-8722-D44533CBDAE1}.Debug|Any CPU.ActiveCfg = Debug|Any CPU
		{3F9AFD36-6D43-42ED-8722-D44533CBDAE1}.Debug|Any CPU.Build.0 = Debug|Any CPU
		{3F9AFD36-6D43-42ED-8722-D44533CBDAE1}.Release|Any CPU.ActiveCfg = Release|Any CPU
		{3F9AFD36-6D43-42ED-8722-D44533CBDAE1}.Release|Any CPU.Build.0 = Release|Any CPU
		{0D5A840B-0357-464D-833D-4DEDC85DF7DE}.Debug|Any CPU.ActiveCfg = Debug|Any CPU
		{0D5A840B-0357-464D-833D-4DEDC85DF7DE}.Debug|Any CPU.Build.0 = Debug|Any CPU
		{0D5A840B-0357-464D-833D-4DEDC85DF7DE}.Release|Any CPU.ActiveCfg = Release|Any CPU
		{0D5A840B-0357-464D-833D-4DEDC85DF7DE}.Release|Any CPU.Build.0 = Release|Any CPU
		{F5B81699-FE9B-41EF-B03F-C6F7482A086D}.Debug|Any CPU.ActiveCfg = Debug|Any CPU
		{F5B81699-FE9B-41EF-B03F-C6F7482A086D}.Debug|Any CPU.Build.0 = Debug|Any CPU
		{F5B81699-FE9B-41EF-B03F-C6F7482A086D}.Release|Any CPU.ActiveCfg = Release|Any CPU
		{F5B81699-FE9B-41EF-B03F-C6F7482A086D}.Release|Any CPU.Build.0 = Release|Any CPU
	EndGlobalSection
EndGlobal
